
Microsoft Visual Studio Solution File, Format Version 12.00
# Visual Studio Version 16
VisualStudioVersion = 16.0.30128.74
MinimumVisualStudioVersion = 10.0.40219.1
Project("{FAE04EC0-301F-11D3-BF4B-00C04F79EFBC}") = "Lab13", "Lab13.csproj", "{7D17502F-86AC-4DEF-A7A1-643081A87E57}"
EndProject
Global
	GlobalSection(SolutionConfigurationPlatforms) = preSolution
		Debug|Any CPU = Debug|Any CPU
		Release|Any CPU = Release|Any CPU
	EndGlobalSection
	GlobalSection(ProjectConfigurationPlatforms) = postSolution
		{7D17502F-86AC-4DEF-A7A1-643081A87E57}.Debug|Any CPU.ActiveCfg = Debug|Any CPU
		{7D17502F-86AC-4DEF-A7A1-643081A87E57}.Debug|Any CPU.Build.0 = Debug|Any CPU
		{7D17502F-86AC-4DEF-A7A1-643081A87E57}.Release|Any CPU.ActiveCfg = Release|Any CPU
		{7D17502F-86AC-4DEF-A7A1-643081A87E57}.Release|Any CPU.Build.0 = Release|Any CPU
	EndGlobalSection
	GlobalSection(SolutionProperties) = preSolution
		HideSolutionNode = FALSE
	EndGlobalSection
	GlobalSection(ExtensibilityGlobals) = postSolution
		SolutionGuid = {53E74127-5044-4795-9943-2EA0BAE7D925}
	EndGlobalSection
EndGlobal
